
Microsoft Visual Studio Solution File, Format Version 12.00
# Visual Studio Version 17
VisualStudioVersion = 17.4.33103.184
MinimumVisualStudioVersion = 10.0.40219.1
Project("{9A19103F-16F7-4668-BE54-9A1E7A4F7556}") = "PLCTool", "PLCTool\PLCTool.csproj", "{0F823C7B-2CF0-43E2-B06B-61722D054257}"
EndProject
Project("{9A19103F-16F7-4668-BE54-9A1E7A4F7556}") = "NModbus", "..\..\NModbus\NModbus.csproj", "{F3FB701E-FFA3-4162-A803-8589CD52029A}"
EndProject
Project("{9A19103F-16F7-4668-BE54-9A1E7A4F7556}") = "NModbus.UnitTests", "..\..\NModbus.UnitTests\NModbus.UnitTests.csproj", "{3D04CC72-6638-4B3F-A1E3-054217F54095}"
EndProject
Global
	GlobalSection(SolutionConfigurationPlatforms) = preSolution
		Debug|Any CPU = Debug|Any CPU
		Debug|x64 = Debug|x64
		Release|Any CPU = Release|Any CPU
		Release|x64 = Release|x64
	EndGlobalSection
	GlobalSection(ProjectConfigurationPlatforms) = postSolution
		{0F823C7B-2CF0-43E2-B06B-61722D054257}.Debug|Any CPU.ActiveCfg = Debug|Any CPU
		{0F823C7B-2CF0-43E2-B06B-61722D054257}.Debug|Any CPU.Build.0 = Debug|Any CPU
		{0F823C7B-2CF0-43E2-B06B-61722D054257}.Debug|x64.ActiveCfg = Debug|x64
		{0F823C7B-2CF0-43E2-B06B-61722D054257}.Debug|x64.Build.0 = Debug|x64
		{0F823C7B-2CF0-43E2-B06B-61722D054257}.Release|Any CPU.ActiveCfg = Release|Any CPU
		{0F823C7B-2CF0-43E2-B06B-61722D054257}.Release|Any CPU.Build.0 = Release|Any CPU
		{0F823C7B-2CF0-43E2-B06B-61722D054257}.Release|x64.ActiveCfg = Release|x64
		{0F823C7B-2CF0-43E2-B06B-61722D054257}.Release|x64.Build.0 = Release|x64
		{F3FB701E-FFA3-4162-A803-8589CD52029A}.Debug|Any CPU.ActiveCfg = Debug|Any CPU
		{F3FB701E-FFA3-4162-A803-8589CD52029A}.Debug|Any CPU.Build.0 = Debug|Any CPU
		{F3FB701E-FFA3-4162-A803-8589CD52029A}.Debug|x64.ActiveCfg = Debug|Any CPU
		{F3FB701E-FFA3-4162-A803-8589CD52029A}.Debug|x64.Build.0 = Debug|Any CPU
		{F3FB701E-FFA3-4162-A803-8589CD52029A}.Release|Any CPU.ActiveCfg = Release|Any CPU
		{F3FB701E-FFA3-4162-A803-8589CD52029A}.Release|Any CPU.Build.0 = Release|Any CPU
		{F3FB701E-FFA3-4162-A803-8589CD52029A}.Release|x64.ActiveCfg = Release|Any CPU
		{F3FB701E-FFA3-4162-A803-8589CD52029A}.Release|x64.Build.0 = Release|Any CPU
		{3D04CC72-6638-4B3F-A1E3-054217F54095}.Debug|Any CPU.ActiveCfg = Debug|Any CPU
		{3D04CC72-6638-4B3F-A1E3-054217F54095}.Debug|Any CPU.Build.0 = Debug|Any CPU
		{3D04CC72-6638-4B3F-A1E3-054217F54095}.Debug|x64.ActiveCfg = Debug|Any CPU
		{3D04CC72-6638-4B3F-A1E3-054217F54095}.Debug|x64.Build.0 = Debug|Any CPU
		{3D04CC72-6638-4B3F-A1E3-054217F54095}.Release|Any CPU.ActiveCfg = Release|Any CPU
		{3D04CC72-6638-4B3F-A1E3-054217F54095}.Release|Any CPU.Build.0 = Release|Any CPU
		{3D04CC72-6638-4B3F-A1E3-054217F54095}.Release|x64.ActiveCfg = Release|Any CPU
		{3D04CC72-6638-4B3F-A1E3-054217F54095}.Release|x64.Build.0 = Release|Any CPU
	EndGlobalSection
	GlobalSection(SolutionProperties) = preSolution
		HideSolutionNode = FALSE
	EndGlobalSection
	GlobalSection(ExtensibilityGlobals) = postSolution
		SolutionGuid = {9F43C2D6-1668-4BC8-9AE5-7E271FA3720C}
	EndGlobalSection
EndGlobal
